
Microsoft Visual Studio Solution File, Format Version 12.00
# Visual Studio Version 17
VisualStudioVersion = 17.13.35913.81 d17.13
MinimumVisualStudioVersion = 10.0.40219.1
Project("{FAE04EC0-301F-11D3-BF4B-00C04F79EFBC}") = "Universe.Domain", "Universe.Domain\Universe.Domain.csproj", "{DCB58EF9-868A-46DF-A4AA-3EF2D5B3E689}"
EndProject
Project("{FAE04EC0-301F-11D3-BF4B-00C04F79EFBC}") = "Universe.Infrastructure", "Universe.Infrastructure\Universe.Infrastructure.csproj", "{29F42956-D6AC-4DF8-92E9-2FE13705E098}"
EndProject
Project("{FAE04EC0-301F-11D3-BF4B-00C04F79EFBC}") = "Universe.Application", "Universe.Application\Universe.Application.csproj", "{1B217F1F-203D-4F4A-9C0B-C1B8223FAA1C}"
EndProject
Project("{FAE04EC0-301F-11D3-BF4B-00C04F79EFBC}") = "Universe.Persistance", "Universe.Persistance\Universe.Persistance.csproj", "{F03ED8E8-2755-40CD-8335-10BE7C705C1D}"
EndProject
Project("{FAE04EC0-301F-11D3-BF4B-00C04F79EFBC}") = "Universe.Presentation", "Universe.Presentation\Universe.Presentation.csproj", "{C3B45282-BB9B-4367-A5AF-522FAE3486EA}"
EndProject
Project("{FAE04EC0-301F-11D3-BF4B-00C04F79EFBC}") = "Universe.Platform", "Universe.Platform\Universe.Platform.csproj", "{ED11A848-0839-4CC8-A335-9BE934321B90}"
EndProject
Global
	GlobalSection(SolutionConfigurationPlatforms) = preSolution
		Debug|Any CPU = Debug|Any CPU
		Release|Any CPU = Release|Any CPU
	EndGlobalSection
	GlobalSection(ProjectConfigurationPlatforms) = postSolution
		{DCB58EF9-868A-46DF-A4AA-3EF2D5B3E689}.Debug|Any CPU.ActiveCfg = Debug|Any CPU
		{DCB58EF9-868A-46DF-A4AA-3EF2D5B3E689}.Debug|Any CPU.Build.0 = Debug|Any CPU
		{DCB58EF9-868A-46DF-A4AA-3EF2D5B3E689}.Release|Any CPU.ActiveCfg = Release|Any CPU
		{DCB58EF9-868A-46DF-A4AA-3EF2D5B3E689}.Release|Any CPU.Build.0 = Release|Any CPU
		{29F42956-D6AC-4DF8-92E9-2FE13705E098}.Debug|Any CPU.ActiveCfg = Debug|Any CPU
		{29F42956-D6AC-4DF8-92E9-2FE13705E098}.Debug|Any CPU.Build.0 = Debug|Any CPU
		{29F42956-D6AC-4DF8-92E9-2FE13705E098}.Release|Any CPU.ActiveCfg = Release|Any CPU
		{29F42956-D6AC-4DF8-92E9-2FE13705E098}.Release|Any CPU.Build.0 = Release|Any CPU
		{1B217F1F-203D-4F4A-9C0B-C1B8223FAA1C}.Debug|Any CPU.ActiveCfg = Debug|Any CPU
		{1B217F1F-203D-4F4A-9C0B-C1B8223FAA1C}.Debug|Any CPU.Build.0 = Debug|Any CPU
		{1B217F1F-203D-4F4A-9C0B-C1B8223FAA1C}.Release|Any CPU.ActiveCfg = Release|Any CPU
		{1B217F1F-203D-4F4A-9C0B-C1B8223FAA1C}.Release|Any CPU.Build.0 = Release|Any CPU
		{F03ED8E8-2755-40CD-8335-10BE7C705C1D}.Debug|Any CPU.ActiveCfg = Debug|Any CPU
		{F03ED8E8-2755-40CD-8335-10BE7C705C1D}.Debug|Any CPU.Build.0 = Debug|Any CPU
		{F03ED8E8-2755-40CD-8335-10BE7C705C1D}.Release|Any CPU.ActiveCfg = Release|Any CPU
		{F03ED8E8-2755-40CD-8335-10BE7C705C1D}.Release|Any CPU.Build.0 = Release|Any CPU
		{C3B45282-BB9B-4367-A5AF-522FAE3486EA}.Debug|Any CPU.ActiveCfg = Debug|Any CPU
		{C3B45282-BB9B-4367-A5AF-522FAE3486EA}.Debug|Any CPU.Build.0 = Debug|Any CPU
		{C3B45282-BB9B-4367-A5AF-522FAE3486EA}.Release|Any CPU.ActiveCfg = Release|Any CPU
		{C3B45282-BB9B-4367-A5AF-522FAE3486EA}.Release|Any CPU.Build.0 = Release|Any CPU
		{ED11A848-0839-4CC8-A335-9BE934321B90}.Debug|Any CPU.ActiveCfg = Debug|Any CPU
		{ED11A848-0839-4CC8-A335-9BE934321B90}.Debug|Any CPU.Build.0 = Debug|Any CPU
		{ED11A848-0839-4CC8-A335-9BE934321B90}.Release|Any CPU.ActiveCfg = Release|Any CPU
		{ED11A848-0839-4CC8-A335-9BE934321B90}.Release|Any CPU.Build.0 = Release|Any CPU
	EndGlobalSection
	GlobalSection(SolutionProperties) = preSolution
		HideSolutionNode = FALSE
	EndGlobalSection
	GlobalSection(ExtensibilityGlobals) = postSolution
		SolutionGuid = {21F2ADD2-2C43-4377-88B2-DD8D6E0BB432}
	EndGlobalSection
EndGlobal
