
Microsoft Visual Studio Solution File, Format Version 12.00
# Visual Studio Version 17
VisualStudioVersion = 17.13.35913.81
MinimumVisualStudioVersion = 10.0.40219.1
Project("{FAE04EC0-301F-11D3-BF4B-00C04F79EFBC}") = "Universe.Common", "Universe.Common\Universe.Common.csproj", "{D6478CFF-9C32-CC3A-3E71-41BCE5902F7F}"
EndProject
Project("{FAE04EC0-301F-11D3-BF4B-00C04F79EFBC}") = "Universe.Core", "Universe.Core\Universe.Core.csproj", "{B9230A06-ECEB-94C1-B612-7FFFF9316816}"
EndProject
Project("{FAE04EC0-301F-11D3-BF4B-00C04F79EFBC}") = "Universe.DataAccess", "Universe.DataAccess\Universe.DataAccess.csproj", "{02B8CF5B-92FF-9D91-01C1-DEDB0598005E}"
EndProject
Project("{FAE04EC0-301F-11D3-BF4B-00C04F79EFBC}") = "Universe.Service", "Universe.Service\Universe.Service.csproj", "{9131F9C3-2C17-3FFC-02AF-3AE798AE8BD6}"
EndProject
Project("{FAE04EC0-301F-11D3-BF4B-00C04F79EFBC}") = "Universe.Presentation", "Universe.Presentation\Universe.Presentation.csproj", "{4D41040C-5810-4381-B01B-70A3F374E6F1}"
EndProject
Global
	GlobalSection(SolutionConfigurationPlatforms) = preSolution
		Debug|Any CPU = Debug|Any CPU
		Release|Any CPU = Release|Any CPU
	EndGlobalSection
	GlobalSection(ProjectConfigurationPlatforms) = postSolution
		{D6478CFF-9C32-CC3A-3E71-41BCE5902F7F}.Debug|Any CPU.ActiveCfg = Debug|Any CPU
		{D6478CFF-9C32-CC3A-3E71-41BCE5902F7F}.Debug|Any CPU.Build.0 = Debug|Any CPU
		{D6478CFF-9C32-CC3A-3E71-41BCE5902F7F}.Release|Any CPU.ActiveCfg = Release|Any CPU
		{D6478CFF-9C32-CC3A-3E71-41BCE5902F7F}.Release|Any CPU.Build.0 = Release|Any CPU
		{B9230A06-ECEB-94C1-B612-7FFFF9316816}.Debug|Any CPU.ActiveCfg = Debug|Any CPU
		{B9230A06-ECEB-94C1-B612-7FFFF9316816}.Debug|Any CPU.Build.0 = Debug|Any CPU
		{B9230A06-ECEB-94C1-B612-7FFFF9316816}.Release|Any CPU.ActiveCfg = Release|Any CPU
		{B9230A06-ECEB-94C1-B612-7FFFF9316816}.Release|Any CPU.Build.0 = Release|Any CPU
		{02B8CF5B-92FF-9D91-01C1-DEDB0598005E}.Debug|Any CPU.ActiveCfg = Debug|Any CPU
		{02B8CF5B-92FF-9D91-01C1-DEDB0598005E}.Debug|Any CPU.Build.0 = Debug|Any CPU
		{02B8CF5B-92FF-9D91-01C1-DEDB0598005E}.Release|Any CPU.ActiveCfg = Release|Any CPU
		{02B8CF5B-92FF-9D91-01C1-DEDB0598005E}.Release|Any CPU.Build.0 = Release|Any CPU
		{9131F9C3-2C17-3FFC-02AF-3AE798AE8BD6}.Debug|Any CPU.ActiveCfg = Debug|Any CPU
		{9131F9C3-2C17-3FFC-02AF-3AE798AE8BD6}.Debug|Any CPU.Build.0 = Debug|Any CPU
		{9131F9C3-2C17-3FFC-02AF-3AE798AE8BD6}.Release|Any CPU.ActiveCfg = Release|Any CPU
		{9131F9C3-2C17-3FFC-02AF-3AE798AE8BD6}.Release|Any CPU.Build.0 = Release|Any CPU
		{4D41040C-5810-4381-B01B-70A3F374E6F1}.Debug|Any CPU.ActiveCfg = Debug|Any CPU
		{4D41040C-5810-4381-B01B-70A3F374E6F1}.Debug|Any CPU.Build.0 = Debug|Any CPU
		{4D41040C-5810-4381-B01B-70A3F374E6F1}.Release|Any CPU.ActiveCfg = Release|Any CPU
		{4D41040C-5810-4381-B01B-70A3F374E6F1}.Release|Any CPU.Build.0 = Release|Any CPU
	EndGlobalSection
	GlobalSection(SolutionProperties) = preSolution
		HideSolutionNode = FALSE
	EndGlobalSection
	GlobalSection(ExtensibilityGlobals) = postSolution
		SolutionGuid = {1E1FCAE9-CA46-419B-ABC3-3AA8D821E153}
	EndGlobalSection
EndGlobal
