
Microsoft Visual Studio Solution File, Format Version 12.00
# Visual Studio Version 17
VisualStudioVersion = 17.13.35825.156 d17.13
MinimumVisualStudioVersion = 10.0.40219.1
Project("{FAE04EC0-301F-11D3-BF4B-00C04F79EFBC}") = "Universe.Core", "Universe.Core\Universe.Core.csproj", "{9BDB1A75-E9E9-47C4-A5FC-209712B90B2D}"
EndProject
Project("{FAE04EC0-301F-11D3-BF4B-00C04F79EFBC}") = "Universe.DataAccess", "Universe.DataAccess\Universe.DataAccess.csproj", "{45A14E93-57CF-4FED-92F4-F0CF14D59553}"
EndProject
Project("{FAE04EC0-301F-11D3-BF4B-00C04F79EFBC}") = "Universe.Service", "Universe.Service\Universe.Service.csproj", "{04436B23-8F60-4212-BB1E-CCA3867BD06D}"
EndProject
Project("{FAE04EC0-301F-11D3-BF4B-00C04F79EFBC}") = "Universe.Common", "Universe.Common\Universe.Common.csproj", "{C8D46EA7-8953-438C-9701-90D822C14612}"
EndProject
Project("{FAE04EC0-301F-11D3-BF4B-00C04F79EFBC}") = "Universe.Presentation", "Universe.Presentation\Universe.Presentation.csproj", "{EA11D9A3-5EAB-4EBC-B4B2-40609B505D3E}"
EndProject
Global
	GlobalSection(SolutionConfigurationPlatforms) = preSolution
		Debug|Any CPU = Debug|Any CPU
		Release|Any CPU = Release|Any CPU
	EndGlobalSection
	GlobalSection(ProjectConfigurationPlatforms) = postSolution
		{9BDB1A75-E9E9-47C4-A5FC-209712B90B2D}.Debug|Any CPU.ActiveCfg = Debug|Any CPU
		{9BDB1A75-E9E9-47C4-A5FC-209712B90B2D}.Debug|Any CPU.Build.0 = Debug|Any CPU
		{9BDB1A75-E9E9-47C4-A5FC-209712B90B2D}.Release|Any CPU.ActiveCfg = Release|Any CPU
		{9BDB1A75-E9E9-47C4-A5FC-209712B90B2D}.Release|Any CPU.Build.0 = Release|Any CPU
		{45A14E93-57CF-4FED-92F4-F0CF14D59553}.Debug|Any CPU.ActiveCfg = Debug|Any CPU
		{45A14E93-57CF-4FED-92F4-F0CF14D59553}.Debug|Any CPU.Build.0 = Debug|Any CPU
		{45A14E93-57CF-4FED-92F4-F0CF14D59553}.Release|Any CPU.ActiveCfg = Release|Any CPU
		{45A14E93-57CF-4FED-92F4-F0CF14D59553}.Release|Any CPU.Build.0 = Release|Any CPU
		{04436B23-8F60-4212-BB1E-CCA3867BD06D}.Debug|Any CPU.ActiveCfg = Debug|Any CPU
		{04436B23-8F60-4212-BB1E-CCA3867BD06D}.Debug|Any CPU.Build.0 = Debug|Any CPU
		{04436B23-8F60-4212-BB1E-CCA3867BD06D}.Release|Any CPU.ActiveCfg = Release|Any CPU
		{04436B23-8F60-4212-BB1E-CCA3867BD06D}.Release|Any CPU.Build.0 = Release|Any CPU
		{C8D46EA7-8953-438C-9701-90D822C14612}.Debug|Any CPU.ActiveCfg = Debug|Any CPU
		{C8D46EA7-8953-438C-9701-90D822C14612}.Debug|Any CPU.Build.0 = Debug|Any CPU
		{C8D46EA7-8953-438C-9701-90D822C14612}.Release|Any CPU.ActiveCfg = Release|Any CPU
		{C8D46EA7-8953-438C-9701-90D822C14612}.Release|Any CPU.Build.0 = Release|Any CPU
		{EA11D9A3-5EAB-4EBC-B4B2-40609B505D3E}.Debug|Any CPU.ActiveCfg = Debug|Any CPU
		{EA11D9A3-5EAB-4EBC-B4B2-40609B505D3E}.Debug|Any CPU.Build.0 = Debug|Any CPU
		{EA11D9A3-5EAB-4EBC-B4B2-40609B505D3E}.Release|Any CPU.ActiveCfg = Release|Any CPU
		{EA11D9A3-5EAB-4EBC-B4B2-40609B505D3E}.Release|Any CPU.Build.0 = Release|Any CPU
	EndGlobalSection
	GlobalSection(SolutionProperties) = preSolution
		HideSolutionNode = FALSE
	EndGlobalSection
	GlobalSection(ExtensibilityGlobals) = postSolution
		SolutionGuid = {90BC09E7-AE4F-4EAE-97F0-02A2F3104107}
	EndGlobalSection
EndGlobal
